
Microsoft Visual Studio Solution File, Format Version 12.00
# Visual Studio Version 16
VisualStudioVersion = 16.0.30204.135
MinimumVisualStudioVersion = 10.0.40219.1
Project("{FAE04EC0-301F-11D3-BF4B-00C04F79EFBC}") = "Librorum.Android", "Librorum.Android\Librorum.Android.csproj", "{DEA6AA7F-2B28-4387-A859-151CD8FD9768}"
EndProject
Project("{FAE04EC0-301F-11D3-BF4B-00C04F79EFBC}") = "Librorum", "Librorum\Librorum.csproj", "{75CC09F3-7F92-499E-B167-124822D84AD2}"
EndProject
Global
	GlobalSection(SolutionConfigurationPlatforms) = preSolution
		Debug|Any CPU = Debug|Any CPU
		Release|Any CPU = Release|Any CPU
	EndGlobalSection
	GlobalSection(ProjectConfigurationPlatforms) = postSolution
		{DEA6AA7F-2B28-4387-A859-151CD8FD9768}.Debug|Any CPU.ActiveCfg = Debug|Any CPU
		{DEA6AA7F-2B28-4387-A859-151CD8FD9768}.Debug|Any CPU.Build.0 = Debug|Any CPU
		{DEA6AA7F-2B28-4387-A859-151CD8FD9768}.Debug|Any CPU.Deploy.0 = Debug|Any CPU
		{DEA6AA7F-2B28-4387-A859-151CD8FD9768}.Release|Any CPU.ActiveCfg = Release|Any CPU
		{DEA6AA7F-2B28-4387-A859-151CD8FD9768}.Release|Any CPU.Build.0 = Release|Any CPU
		{DEA6AA7F-2B28-4387-A859-151CD8FD9768}.Release|Any CPU.Deploy.0 = Release|Any CPU
		{75CC09F3-7F92-499E-B167-124822D84AD2}.Debug|Any CPU.ActiveCfg = Debug|Any CPU
		{75CC09F3-7F92-499E-B167-124822D84AD2}.Debug|Any CPU.Build.0 = Debug|Any CPU
		{75CC09F3-7F92-499E-B167-124822D84AD2}.Debug|Any CPU.Deploy.0 = Debug|Any CPU
		{75CC09F3-7F92-499E-B167-124822D84AD2}.Release|Any CPU.ActiveCfg = Release|Any CPU
		{75CC09F3-7F92-499E-B167-124822D84AD2}.Release|Any CPU.Build.0 = Release|Any CPU
		{75CC09F3-7F92-499E-B167-124822D84AD2}.Release|Any CPU.Deploy.0 = Release|Any CPU
	EndGlobalSection
	GlobalSection(SolutionProperties) = preSolution
		HideSolutionNode = FALSE
	EndGlobalSection
	GlobalSection(ExtensibilityGlobals) = postSolution
		SolutionGuid = {6D898FB8-EA7C-40B9-9BBD-8B00BA5328F1}
	EndGlobalSection
EndGlobal
